
Microsoft Visual Studio Solution File, Format Version 12.00
# Visual Studio Version 16
VisualStudioVersion = 16.0.30011.22
MinimumVisualStudioVersion = 10.0.40219.1
Project("{FAE04EC0-301F-11D3-BF4B-00C04F79EFBC}") = "CodeCards", "CodeCards.csproj", "{7721026C-A8F6-4D77-9751-E17D35F1E31A}"
EndProject
Global
	GlobalSection(SolutionConfigurationPlatforms) = preSolution
		Debug|Any CPU = Debug|Any CPU
		Release|Any CPU = Release|Any CPU
	EndGlobalSection
	GlobalSection(ProjectConfigurationPlatforms) = postSolution
		{7721026C-A8F6-4D77-9751-E17D35F1E31A}.Debug|Any CPU.ActiveCfg = Debug|Any CPU
		{7721026C-A8F6-4D77-9751-E17D35F1E31A}.Debug|Any CPU.Build.0 = Debug|Any CPU
		{7721026C-A8F6-4D77-9751-E17D35F1E31A}.Release|Any CPU.ActiveCfg = Release|Any CPU
		{7721026C-A8F6-4D77-9751-E17D35F1E31A}.Release|Any CPU.Build.0 = Release|Any CPU
	EndGlobalSection
	GlobalSection(SolutionProperties) = preSolution
		HideSolutionNode = FALSE
	EndGlobalSection
	GlobalSection(ExtensibilityGlobals) = postSolution
		SolutionGuid = {E0ADB9F7-E5A3-4A1A-BA1B-D68516B8E4FF}
	EndGlobalSection
EndGlobal
